
Microsoft Visual Studio Solution File, Format Version 12.00
# Visual Studio 15
VisualStudioVersion = 15.0.27703.2042
MinimumVisualStudioVersion = 10.0.40219.1
Project("{FAE04EC0-301F-11D3-BF4B-00C04F79EFBC}") = "Lab1", "Lab1\Lab1.csproj", "{C5920936-277B-4552-836D-D2A5004195FB}"
EndProject
Project("{FAE04EC0-301F-11D3-BF4B-00C04F79EFBC}") = "Lab1Tests", "Lab1Tests\Lab1Tests.csproj", "{9EC9FCD7-5A70-48FF-A123-99F6B9BCD32F}"
EndProject
Global
	GlobalSection(SolutionConfigurationPlatforms) = preSolution
		Debug|Any CPU = Debug|Any CPU
		Release|Any CPU = Release|Any CPU
	EndGlobalSection
	GlobalSection(ProjectConfigurationPlatforms) = postSolution
		{C5920936-277B-4552-836D-D2A5004195FB}.Debug|Any CPU.ActiveCfg = Debug|Any CPU
		{C5920936-277B-4552-836D-D2A5004195FB}.Debug|Any CPU.Build.0 = Debug|Any CPU
		{C5920936-277B-4552-836D-D2A5004195FB}.Release|Any CPU.ActiveCfg = Release|Any CPU
		{C5920936-277B-4552-836D-D2A5004195FB}.Release|Any CPU.Build.0 = Release|Any CPU
		{9EC9FCD7-5A70-48FF-A123-99F6B9BCD32F}.Debug|Any CPU.ActiveCfg = Debug|Any CPU
		{9EC9FCD7-5A70-48FF-A123-99F6B9BCD32F}.Debug|Any CPU.Build.0 = Debug|Any CPU
		{9EC9FCD7-5A70-48FF-A123-99F6B9BCD32F}.Release|Any CPU.ActiveCfg = Release|Any CPU
		{9EC9FCD7-5A70-48FF-A123-99F6B9BCD32F}.Release|Any CPU.Build.0 = Release|Any CPU
	EndGlobalSection
	GlobalSection(SolutionProperties) = preSolution
		HideSolutionNode = FALSE
	EndGlobalSection
	GlobalSection(ExtensibilityGlobals) = postSolution
		SolutionGuid = {8F041349-4BF3-4A0D-A5F2-4033E108993F}
	EndGlobalSection
EndGlobal
